{
  "requires": true,
  "lockfileVersion": 1,
  "dependencies": {
    "jquery": {
      "version": "3.3.1",
      "resolved": "https://registry.npmjs.org/jquery/-/jquery-3.3.1.tgz",
      "integrity": "sha512-Ubldcmxp5np52/ENotGxlLe6aGMvmF4R8S6tZjsP6Knsaxd/xp3Zrh50cG93lR6nPXyUFwzN3ZSOQI0wRJNdGg=="
    },
    "owl.carousel2": {
      "version": "2.2.1",
      "resolved": "https://registry.npmjs.org/owl.carousel2/-/owl.carousel2-2.2.1.tgz",
      "integrity": "sha1-CdxbSue5t6PZE/5P6kxtbMeVfyI=",
      "requires": {
        "jquery": "3.3.1"
      }
    },
    "owlcarousel": {
      "version": "1.3.3",
      "resolved": "https://registry.npmjs.org/owlcarousel/-/owlcarousel-1.3.3.tgz",
      "integrity": "sha1-KN5bm9KOnq7xWgo1UXV5Xy78VH0="
    }
  }
}
